
Microsoft Visual Studio Solution File, Format Version 12.00
# Visual Studio Version 16
VisualStudioVersion = 16.0.28803.202
MinimumVisualStudioVersion = 10.0.40219.1
Project("{FAE04EC0-301F-11D3-BF4B-00C04F79EFBC}") = "RHTaxServicesLLC", "RHTaxServicesLLC\RHTaxServicesLLC.csproj", "{3A22B8AA-B135-470C-A945-99217DD2E7BE}"
EndProject
Project("{FAE04EC0-301F-11D3-BF4B-00C04F79EFBC}") = "RHTaxServicesLLC.Tests", "RHTaxServicesLLC.Tests\RHTaxServicesLLC.Tests.csproj", "{1BE6E0AA-D4D8-4048-91EC-E052BCCC38F2}"
EndProject
Global
	GlobalSection(SolutionConfigurationPlatforms) = preSolution
		Debug|Any CPU = Debug|Any CPU
		Release|Any CPU = Release|Any CPU
	EndGlobalSection
	GlobalSection(ProjectConfigurationPlatforms) = postSolution
		{3A22B8AA-B135-470C-A945-99217DD2E7BE}.Debug|Any CPU.ActiveCfg = Debug|Any CPU
		{3A22B8AA-B135-470C-A945-99217DD2E7BE}.Debug|Any CPU.Build.0 = Debug|Any CPU
		{3A22B8AA-B135-470C-A945-99217DD2E7BE}.Release|Any CPU.ActiveCfg = Release|Any CPU
		{3A22B8AA-B135-470C-A945-99217DD2E7BE}.Release|Any CPU.Build.0 = Release|Any CPU
		{1BE6E0AA-D4D8-4048-91EC-E052BCCC38F2}.Debug|Any CPU.ActiveCfg = Debug|Any CPU
		{1BE6E0AA-D4D8-4048-91EC-E052BCCC38F2}.Debug|Any CPU.Build.0 = Debug|Any CPU
		{1BE6E0AA-D4D8-4048-91EC-E052BCCC38F2}.Release|Any CPU.ActiveCfg = Release|Any CPU
		{1BE6E0AA-D4D8-4048-91EC-E052BCCC38F2}.Release|Any CPU.Build.0 = Release|Any CPU
	EndGlobalSection
	GlobalSection(SolutionProperties) = preSolution
		HideSolutionNode = FALSE
	EndGlobalSection
	GlobalSection(ExtensibilityGlobals) = postSolution
		SolutionGuid = {35E83F20-4AEF-4DE1-A9D2-981CD032E750}
	EndGlobalSection
EndGlobal
